# THIS IS AN AUTOGENERATED FILE. DO NOT EDIT THIS FILE DIRECTLY.
# yarn lockfile v1


"@react-native-picker/picker@^1.9.3":
  version "1.9.3"
  resolved "https://registry.yarnpkg.com/@react-native-picker/picker/-/picker-1.9.3.tgz#60fba63445c539928f9cd32973ffa4c3221ffd83"
  integrity sha512-8wNd1Cold2mciTq5Djo4c+FU1x4+weqmR8WAFWOJ1yfkh0sOiAa/9SdFbHZK2fWZCK+W08iLqWWi5KGQDaqlWw==
